
Microsoft Visual Studio Solution File, Format Version 12.00
Project("{FAE04EC0-301F-11D3-BF4B-00C04F79EFBC}") = "Catalog.Core", "Services\Catalog\Catalog.Core\Catalog.Core.csproj", "{33C7599F-1969-4AFD-9196-9240C48F37F0}"
EndProject
Project("{FAE04EC0-301F-11D3-BF4B-00C04F79EFBC}") = "Catalog.Infrastructure", "Services\Catalog\Catalog.Infrastructure\Catalog.Infrastructure.csproj", "{D157A01E-B501-4A55-AEFE-D8D5E6709E27}"
EndProject
Project("{FAE04EC0-301F-11D3-BF4B-00C04F79EFBC}") = "Catalog.Application", "Services\Catalog\Catalog.Application\Catalog.Application.csproj", "{CCEDC20F-5B3B-4F00-B3E6-321F360270A3}"
EndProject
Project("{FAE04EC0-301F-11D3-BF4B-00C04F79EFBC}") = "Catalog.API", "Services\Catalog\Catalog.API\Catalog.API.csproj", "{88F9D2A3-86B4-48B2-BA60-731682D52A2A}"
EndProject
Project("{2150E333-8FDC-42A3-9474-1A3956D46DE8}") = "Solution Items", "Solution Items", "{9ABE8485-7B69-4812-B812-31EC91E745D7}"
	ProjectSection(SolutionItems) = preProject
		compose.yaml = compose.yaml
		docker-compose.yml = docker-compose.yml
		docker-compose.override.yml = docker-compose.override.yml
	EndProjectSection
EndProject
Project("{2150E333-8FDC-42A3-9474-1A3956D46DE8}") = "Services", "Services", "{A37322FF-D76F-4D7E-B7FA-466066FB70F1}"
EndProject
Project("{2150E333-8FDC-42A3-9474-1A3956D46DE8}") = "Catalog", "Catalog", "{FCA46A62-1D85-4D0E-8595-4906ACC6D502}"
EndProject
Project("{2150E333-8FDC-42A3-9474-1A3956D46DE8}") = "Basket", "Basket", "{E0BCC494-CD1D-400F-8AA4-EB2363C200CA}"
EndProject
Project("{FAE04EC0-301F-11D3-BF4B-00C04F79EFBC}") = "Basket.API", "Services\Basket\Basket.API\Basket.API.csproj", "{65AE2EFA-61DA-402D-8C82-642B0B3704CE}"
EndProject
Project("{FAE04EC0-301F-11D3-BF4B-00C04F79EFBC}") = "Basket.Core", "Services\Basket\Basket.Core\Basket.Core.csproj", "{CB22738E-27DC-4270-881C-00C5193BDB9A}"
EndProject
Project("{FAE04EC0-301F-11D3-BF4B-00C04F79EFBC}") = "Basket.Application", "Services\Basket\Basket.Application\Basket.Application.csproj", "{E1A4EB3B-4DFA-4E66-9449-C86C1170226C}"
EndProject
Project("{FAE04EC0-301F-11D3-BF4B-00C04F79EFBC}") = "Basket.Infrastructure", "Services\Basket\Basket.Infrastructure\Basket.Infrastructure.csproj", "{B7EA2496-5627-441B-A3C7-77B2485E3A92}"
EndProject
Project("{2150E333-8FDC-42A3-9474-1A3956D46DE8}") = "Discount", "Discount", "{A5AA579C-FB78-4507-8C2B-911A83F2453A}"
EndProject
Project("{FAE04EC0-301F-11D3-BF4B-00C04F79EFBC}") = "Discount.API", "Services\Discount\Discount.API\Discount.API.csproj", "{41099678-4513-4E98-B081-249ABE2B81AD}"
EndProject
Project("{FAE04EC0-301F-11D3-BF4B-00C04F79EFBC}") = "Discount.Core", "Services\Discount\Discount.Core\Discount.Core.csproj", "{5E5060EB-ED52-4408-AE6A-C20FA9F60C65}"
EndProject
Project("{FAE04EC0-301F-11D3-BF4B-00C04F79EFBC}") = "Discount.Application", "Services\Discount\Discount.Application\Discount.Application.csproj", "{D7DBA2C8-1E10-4523-8817-9DD110A8D3E2}"
EndProject
Project("{FAE04EC0-301F-11D3-BF4B-00C04F79EFBC}") = "Discount.Infrastructure", "Services\Discount\Discount.Infrastructure\Discount.Infrastructure.csproj", "{A6D5A74C-BC68-4F76-BFF6-09788E5342BA}"
EndProject
Project("{2150E333-8FDC-42A3-9474-1A3956D46DE8}") = "Ordering", "Ordering", "{D1FF8F15-8A98-4FDF-AECB-7E7E0AC8011B}"
EndProject
Project("{FAE04EC0-301F-11D3-BF4B-00C04F79EFBC}") = "Ordering.Core", "Services\Ordering\Ordering.Core\Ordering.Core.csproj", "{1CEF96C9-42DB-4D65-BB2A-14C1A41D5233}"
EndProject
Project("{FAE04EC0-301F-11D3-BF4B-00C04F79EFBC}") = "Ordering.Application", "Services\Ordering\Ordering.Application\Ordering.Application.csproj", "{4AD7F829-FD79-491D-8F2B-C79D4A3D8777}"
EndProject
Project("{FAE04EC0-301F-11D3-BF4B-00C04F79EFBC}") = "Ordering.Infrastructure", "Services\Ordering\Ordering.Infrastructure\Ordering.Infrastructure.csproj", "{ABB74F2E-4F00-4D54-8343-6BA6EDE62CC7}"
EndProject
Project("{FAE04EC0-301F-11D3-BF4B-00C04F79EFBC}") = "Ordering.API", "Services\Ordering\Ordering.API\Ordering.API.csproj", "{C19613E6-DD60-4FF1-B6FB-78989621B0AC}"
EndProject
Project("{2150E333-8FDC-42A3-9474-1A3956D46DE8}") = "Infrastructure", "Infrastructure", "{97B00E22-5D74-46F7-8051-08A57D438457}"
EndProject
Project("{FAE04EC0-301F-11D3-BF4B-00C04F79EFBC}") = "EventBus.Message", "Infrastructure\EventBus.Message\EventBus.Message.csproj", "{6A0CC583-1002-48A9-8733-053901E9F60F}"
EndProject
Global
	GlobalSection(SolutionConfigurationPlatforms) = preSolution
		Debug|Any CPU = Debug|Any CPU
		Release|Any CPU = Release|Any CPU
	EndGlobalSection
	GlobalSection(ProjectConfigurationPlatforms) = postSolution
		{33C7599F-1969-4AFD-9196-9240C48F37F0}.Debug|Any CPU.ActiveCfg = Debug|Any CPU
		{33C7599F-1969-4AFD-9196-9240C48F37F0}.Debug|Any CPU.Build.0 = Debug|Any CPU
		{33C7599F-1969-4AFD-9196-9240C48F37F0}.Release|Any CPU.ActiveCfg = Release|Any CPU
		{33C7599F-1969-4AFD-9196-9240C48F37F0}.Release|Any CPU.Build.0 = Release|Any CPU
		{D157A01E-B501-4A55-AEFE-D8D5E6709E27}.Debug|Any CPU.ActiveCfg = Debug|Any CPU
		{D157A01E-B501-4A55-AEFE-D8D5E6709E27}.Debug|Any CPU.Build.0 = Debug|Any CPU
		{D157A01E-B501-4A55-AEFE-D8D5E6709E27}.Release|Any CPU.ActiveCfg = Release|Any CPU
		{D157A01E-B501-4A55-AEFE-D8D5E6709E27}.Release|Any CPU.Build.0 = Release|Any CPU
		{CCEDC20F-5B3B-4F00-B3E6-321F360270A3}.Debug|Any CPU.ActiveCfg = Debug|Any CPU
		{CCEDC20F-5B3B-4F00-B3E6-321F360270A3}.Debug|Any CPU.Build.0 = Debug|Any CPU
		{CCEDC20F-5B3B-4F00-B3E6-321F360270A3}.Release|Any CPU.ActiveCfg = Release|Any CPU
		{CCEDC20F-5B3B-4F00-B3E6-321F360270A3}.Release|Any CPU.Build.0 = Release|Any CPU
		{88F9D2A3-86B4-48B2-BA60-731682D52A2A}.Debug|Any CPU.ActiveCfg = Debug|Any CPU
		{88F9D2A3-86B4-48B2-BA60-731682D52A2A}.Debug|Any CPU.Build.0 = Debug|Any CPU
		{88F9D2A3-86B4-48B2-BA60-731682D52A2A}.Release|Any CPU.ActiveCfg = Release|Any CPU
		{88F9D2A3-86B4-48B2-BA60-731682D52A2A}.Release|Any CPU.Build.0 = Release|Any CPU
		{65AE2EFA-61DA-402D-8C82-642B0B3704CE}.Debug|Any CPU.ActiveCfg = Debug|Any CPU
		{65AE2EFA-61DA-402D-8C82-642B0B3704CE}.Debug|Any CPU.Build.0 = Debug|Any CPU
		{65AE2EFA-61DA-402D-8C82-642B0B3704CE}.Release|Any CPU.ActiveCfg = Release|Any CPU
		{65AE2EFA-61DA-402D-8C82-642B0B3704CE}.Release|Any CPU.Build.0 = Release|Any CPU
		{CB22738E-27DC-4270-881C-00C5193BDB9A}.Debug|Any CPU.ActiveCfg = Debug|Any CPU
		{CB22738E-27DC-4270-881C-00C5193BDB9A}.Debug|Any CPU.Build.0 = Debug|Any CPU
		{CB22738E-27DC-4270-881C-00C5193BDB9A}.Release|Any CPU.ActiveCfg = Release|Any CPU
		{CB22738E-27DC-4270-881C-00C5193BDB9A}.Release|Any CPU.Build.0 = Release|Any CPU
		{E1A4EB3B-4DFA-4E66-9449-C86C1170226C}.Debug|Any CPU.ActiveCfg = Debug|Any CPU
		{E1A4EB3B-4DFA-4E66-9449-C86C1170226C}.Debug|Any CPU.Build.0 = Debug|Any CPU
		{E1A4EB3B-4DFA-4E66-9449-C86C1170226C}.Release|Any CPU.ActiveCfg = Release|Any CPU
		{E1A4EB3B-4DFA-4E66-9449-C86C1170226C}.Release|Any CPU.Build.0 = Release|Any CPU
		{B7EA2496-5627-441B-A3C7-77B2485E3A92}.Debug|Any CPU.ActiveCfg = Debug|Any CPU
		{B7EA2496-5627-441B-A3C7-77B2485E3A92}.Debug|Any CPU.Build.0 = Debug|Any CPU
		{B7EA2496-5627-441B-A3C7-77B2485E3A92}.Release|Any CPU.ActiveCfg = Release|Any CPU
		{B7EA2496-5627-441B-A3C7-77B2485E3A92}.Release|Any CPU.Build.0 = Release|Any CPU
		{41099678-4513-4E98-B081-249ABE2B81AD}.Debug|Any CPU.ActiveCfg = Debug|Any CPU
		{41099678-4513-4E98-B081-249ABE2B81AD}.Debug|Any CPU.Build.0 = Debug|Any CPU
		{41099678-4513-4E98-B081-249ABE2B81AD}.Release|Any CPU.ActiveCfg = Release|Any CPU
		{41099678-4513-4E98-B081-249ABE2B81AD}.Release|Any CPU.Build.0 = Release|Any CPU
		{5E5060EB-ED52-4408-AE6A-C20FA9F60C65}.Debug|Any CPU.ActiveCfg = Debug|Any CPU
		{5E5060EB-ED52-4408-AE6A-C20FA9F60C65}.Debug|Any CPU.Build.0 = Debug|Any CPU
		{5E5060EB-ED52-4408-AE6A-C20FA9F60C65}.Release|Any CPU.ActiveCfg = Release|Any CPU
		{5E5060EB-ED52-4408-AE6A-C20FA9F60C65}.Release|Any CPU.Build.0 = Release|Any CPU
		{D7DBA2C8-1E10-4523-8817-9DD110A8D3E2}.Debug|Any CPU.ActiveCfg = Debug|Any CPU
		{D7DBA2C8-1E10-4523-8817-9DD110A8D3E2}.Debug|Any CPU.Build.0 = Debug|Any CPU
		{D7DBA2C8-1E10-4523-8817-9DD110A8D3E2}.Release|Any CPU.ActiveCfg = Release|Any CPU
		{D7DBA2C8-1E10-4523-8817-9DD110A8D3E2}.Release|Any CPU.Build.0 = Release|Any CPU
		{A6D5A74C-BC68-4F76-BFF6-09788E5342BA}.Debug|Any CPU.ActiveCfg = Debug|Any CPU
		{A6D5A74C-BC68-4F76-BFF6-09788E5342BA}.Debug|Any CPU.Build.0 = Debug|Any CPU
		{A6D5A74C-BC68-4F76-BFF6-09788E5342BA}.Release|Any CPU.ActiveCfg = Release|Any CPU
		{A6D5A74C-BC68-4F76-BFF6-09788E5342BA}.Release|Any CPU.Build.0 = Release|Any CPU
		{1CEF96C9-42DB-4D65-BB2A-14C1A41D5233}.Debug|Any CPU.ActiveCfg = Debug|Any CPU
		{1CEF96C9-42DB-4D65-BB2A-14C1A41D5233}.Debug|Any CPU.Build.0 = Debug|Any CPU
		{1CEF96C9-42DB-4D65-BB2A-14C1A41D5233}.Release|Any CPU.ActiveCfg = Release|Any CPU
		{1CEF96C9-42DB-4D65-BB2A-14C1A41D5233}.Release|Any CPU.Build.0 = Release|Any CPU
		{4AD7F829-FD79-491D-8F2B-C79D4A3D8777}.Debug|Any CPU.ActiveCfg = Debug|Any CPU
		{4AD7F829-FD79-491D-8F2B-C79D4A3D8777}.Debug|Any CPU.Build.0 = Debug|Any CPU
		{4AD7F829-FD79-491D-8F2B-C79D4A3D8777}.Release|Any CPU.ActiveCfg = Release|Any CPU
		{4AD7F829-FD79-491D-8F2B-C79D4A3D8777}.Release|Any CPU.Build.0 = Release|Any CPU
		{ABB74F2E-4F00-4D54-8343-6BA6EDE62CC7}.Debug|Any CPU.ActiveCfg = Debug|Any CPU
		{ABB74F2E-4F00-4D54-8343-6BA6EDE62CC7}.Debug|Any CPU.Build.0 = Debug|Any CPU
		{ABB74F2E-4F00-4D54-8343-6BA6EDE62CC7}.Release|Any CPU.ActiveCfg = Release|Any CPU
		{ABB74F2E-4F00-4D54-8343-6BA6EDE62CC7}.Release|Any CPU.Build.0 = Release|Any CPU
		{C19613E6-DD60-4FF1-B6FB-78989621B0AC}.Debug|Any CPU.ActiveCfg = Debug|Any CPU
		{C19613E6-DD60-4FF1-B6FB-78989621B0AC}.Debug|Any CPU.Build.0 = Debug|Any CPU
		{C19613E6-DD60-4FF1-B6FB-78989621B0AC}.Release|Any CPU.ActiveCfg = Release|Any CPU
		{C19613E6-DD60-4FF1-B6FB-78989621B0AC}.Release|Any CPU.Build.0 = Release|Any CPU
		{6A0CC583-1002-48A9-8733-053901E9F60F}.Debug|Any CPU.ActiveCfg = Debug|Any CPU
		{6A0CC583-1002-48A9-8733-053901E9F60F}.Debug|Any CPU.Build.0 = Debug|Any CPU
		{6A0CC583-1002-48A9-8733-053901E9F60F}.Release|Any CPU.ActiveCfg = Release|Any CPU
		{6A0CC583-1002-48A9-8733-053901E9F60F}.Release|Any CPU.Build.0 = Release|Any CPU
	EndGlobalSection
	GlobalSection(NestedProjects) = preSolution
		{FCA46A62-1D85-4D0E-8595-4906ACC6D502} = {A37322FF-D76F-4D7E-B7FA-466066FB70F1}
		{88F9D2A3-86B4-48B2-BA60-731682D52A2A} = {FCA46A62-1D85-4D0E-8595-4906ACC6D502}
		{CCEDC20F-5B3B-4F00-B3E6-321F360270A3} = {FCA46A62-1D85-4D0E-8595-4906ACC6D502}
		{33C7599F-1969-4AFD-9196-9240C48F37F0} = {FCA46A62-1D85-4D0E-8595-4906ACC6D502}
		{D157A01E-B501-4A55-AEFE-D8D5E6709E27} = {FCA46A62-1D85-4D0E-8595-4906ACC6D502}
		{E0BCC494-CD1D-400F-8AA4-EB2363C200CA} = {A37322FF-D76F-4D7E-B7FA-466066FB70F1}
		{65AE2EFA-61DA-402D-8C82-642B0B3704CE} = {E0BCC494-CD1D-400F-8AA4-EB2363C200CA}
		{CB22738E-27DC-4270-881C-00C5193BDB9A} = {E0BCC494-CD1D-400F-8AA4-EB2363C200CA}
		{E1A4EB3B-4DFA-4E66-9449-C86C1170226C} = {E0BCC494-CD1D-400F-8AA4-EB2363C200CA}
		{B7EA2496-5627-441B-A3C7-77B2485E3A92} = {E0BCC494-CD1D-400F-8AA4-EB2363C200CA}
		{A5AA579C-FB78-4507-8C2B-911A83F2453A} = {A37322FF-D76F-4D7E-B7FA-466066FB70F1}
		{41099678-4513-4E98-B081-249ABE2B81AD} = {A5AA579C-FB78-4507-8C2B-911A83F2453A}
		{5E5060EB-ED52-4408-AE6A-C20FA9F60C65} = {A5AA579C-FB78-4507-8C2B-911A83F2453A}
		{D7DBA2C8-1E10-4523-8817-9DD110A8D3E2} = {A5AA579C-FB78-4507-8C2B-911A83F2453A}
		{A6D5A74C-BC68-4F76-BFF6-09788E5342BA} = {A5AA579C-FB78-4507-8C2B-911A83F2453A}
		{D1FF8F15-8A98-4FDF-AECB-7E7E0AC8011B} = {A37322FF-D76F-4D7E-B7FA-466066FB70F1}
		{1CEF96C9-42DB-4D65-BB2A-14C1A41D5233} = {D1FF8F15-8A98-4FDF-AECB-7E7E0AC8011B}
		{4AD7F829-FD79-491D-8F2B-C79D4A3D8777} = {D1FF8F15-8A98-4FDF-AECB-7E7E0AC8011B}
		{ABB74F2E-4F00-4D54-8343-6BA6EDE62CC7} = {D1FF8F15-8A98-4FDF-AECB-7E7E0AC8011B}
		{C19613E6-DD60-4FF1-B6FB-78989621B0AC} = {D1FF8F15-8A98-4FDF-AECB-7E7E0AC8011B}
		{6A0CC583-1002-48A9-8733-053901E9F60F} = {97B00E22-5D74-46F7-8051-08A57D438457}
	EndGlobalSection
EndGlobal
